{
  "nodes": {
    "cladoscope": {
      "flake": false,
      "locked": {
        "lastModified": 1786818414,
        "narHash": "sha256-LJXA0n5hCcx/7y/TRjAcrYgT+3YBb9pGenrzpqLxq84=",
        "owner": "ispeters",
        "repo": "cladoscope",
        "rev": "f2849a1f56d81becb4366e0eec94fbd6a0c3a9c1",
        "type": "github"
      },
      "original": {
        "owner": "ispeters",
        "repo": "cladoscope",
        "type": "github"
      }
    },
    "nixpkgs": {
      "locked": {
        "lastModified": 1784280462,
        "narHash": "sha256-DtoqIqM7VkR6NxAkcLpMwmi02USwWb3JdmNGLyhthc0=",
        "owner": "NixOS",
        "repo": "nixpkgs",
        "rev": "293d6abedf0478e681a4dfcfcb35b30fc796a32f",
        "type": "github"
      },
      "original": {
        "owner": "NixOS",
        "ref": "nixos-26.05",
        "repo": "nixpkgs",
        "type": "github"
      }
    },
    "root": {
      "inputs": {
        "cladoscope": "cladoscope",
        "nixpkgs": "nixpkgs"
      }
    }
  },
  "root": "root",
  "version": 7
}
